
Microsoft Visual Studio Solution File, Format Version 12.00
# Visual Studio Version 17
VisualStudioVersion = 17.4.33213.308
MinimumVisualStudioVersion = 10.0.40219.1
Project("{9A19103F-16F7-4668-BE54-9A1E7A4F7556}") = "SharpPhysics", "SharpPhysics\SharpPhysics.csproj", "{7429726C-6660-4ED0-BC34-3C03E5BD1353}"
EndProject
Project("{2150E333-8FDC-42A3-9474-1A3956D46DE8}") = "Solution Items", "Solution Items", "{BCE0470E-B547-455B-9D30-C7198D880CFD}"
	ProjectSection(SolutionItems) = preProject
		.editorconfig = .editorconfig
	EndProjectSection
EndProject
Project("{FAE04EC0-301F-11D3-BF4B-00C04F79EFBC}") = "BuildIncrmtr", "BuildIncrmtr\BuildIncrmtr.csproj", "{F47D0DA8-41CC-45DA-B49C-408BE60A27D4}"
EndProject
Project("{8BC9CEB8-8B4A-11D0-8D11-00A0C91BC942}") = "FastPixelWriter", "FastPixelWriter\FastPixelWriter.vcxproj", "{55D1DD29-88B0-4835-91E0-F09195C05FF0}"
EndProject
Project("{9A19103F-16F7-4668-BE54-9A1E7A4F7556}") = "SharpInterface", "SharpInterface\SharpInterface.csproj", "{FC865792-EA3E-41E8-A77B-AC025DDB396E}"
EndProject
Project("{FAE04EC0-301F-11D3-BF4B-00C04F79EFBC}") = "GLFW_Display_App", "GLFW_Display_App\GLFW_Display_App.csproj", "{4447AFF3-8B1C-48FC-AAAB-5EE539C7FF5D}"
EndProject
Global
	GlobalSection(SolutionConfigurationPlatforms) = preSolution
		Debug|Any CPU = Debug|Any CPU
		Debug|ARM = Debug|ARM
		Debug|ARM64 = Debug|ARM64
		Debug|x64 = Debug|x64
		Debug|x86 = Debug|x86
		Release|Any CPU = Release|Any CPU
		Release|ARM = Release|ARM
		Release|ARM64 = Release|ARM64
		Release|x64 = Release|x64
		Release|x86 = Release|x86
	EndGlobalSection
	GlobalSection(ProjectConfigurationPlatforms) = postSolution
		{7429726C-6660-4ED0-BC34-3C03E5BD1353}.Debug|Any CPU.ActiveCfg = Debug|Any CPU
		{7429726C-6660-4ED0-BC34-3C03E5BD1353}.Debug|Any CPU.Build.0 = Debug|Any CPU
		{7429726C-6660-4ED0-BC34-3C03E5BD1353}.Debug|ARM.ActiveCfg = Debug|Any CPU
		{7429726C-6660-4ED0-BC34-3C03E5BD1353}.Debug|ARM.Build.0 = Debug|Any CPU
		{7429726C-6660-4ED0-BC34-3C03E5BD1353}.Debug|ARM64.ActiveCfg = Debug|Any CPU
		{7429726C-6660-4ED0-BC34-3C03E5BD1353}.Debug|ARM64.Build.0 = Debug|Any CPU
		{7429726C-6660-4ED0-BC34-3C03E5BD1353}.Debug|x64.ActiveCfg = Debug|Any CPU
		{7429726C-6660-4ED0-BC34-3C03E5BD1353}.Debug|x64.Build.0 = Debug|Any CPU
		{7429726C-6660-4ED0-BC34-3C03E5BD1353}.Debug|x86.ActiveCfg = Debug|Any CPU
		{7429726C-6660-4ED0-BC34-3C03E5BD1353}.Debug|x86.Build.0 = Debug|Any CPU
		{7429726C-6660-4ED0-BC34-3C03E5BD1353}.Release|Any CPU.ActiveCfg = Release|Any CPU
		{7429726C-6660-4ED0-BC34-3C03E5BD1353}.Release|Any CPU.Build.0 = Release|Any CPU
		{7429726C-6660-4ED0-BC34-3C03E5BD1353}.Release|ARM.ActiveCfg = Release|Any CPU
		{7429726C-6660-4ED0-BC34-3C03E5BD1353}.Release|ARM.Build.0 = Release|Any CPU
		{7429726C-6660-4ED0-BC34-3C03E5BD1353}.Release|ARM64.ActiveCfg = Release|Any CPU
		{7429726C-6660-4ED0-BC34-3C03E5BD1353}.Release|ARM64.Build.0 = Release|Any CPU
		{7429726C-6660-4ED0-BC34-3C03E5BD1353}.Release|x64.ActiveCfg = Release|Any CPU
		{7429726C-6660-4ED0-BC34-3C03E5BD1353}.Release|x64.Build.0 = Release|Any CPU
		{7429726C-6660-4ED0-BC34-3C03E5BD1353}.Release|x86.ActiveCfg = Release|Any CPU
		{7429726C-6660-4ED0-BC34-3C03E5BD1353}.Release|x86.Build.0 = Release|Any CPU
		{F47D0DA8-41CC-45DA-B49C-408BE60A27D4}.Debug|Any CPU.ActiveCfg = Debug|Any CPU
		{F47D0DA8-41CC-45DA-B49C-408BE60A27D4}.Debug|Any CPU.Build.0 = Debug|Any CPU
		{F47D0DA8-41CC-45DA-B49C-408BE60A27D4}.Debug|ARM.ActiveCfg = Debug|Any CPU
		{F47D0DA8-41CC-45DA-B49C-408BE60A27D4}.Debug|ARM.Build.0 = Debug|Any CPU
		{F47D0DA8-41CC-45DA-B49C-408BE60A27D4}.Debug|ARM64.ActiveCfg = Debug|Any CPU
		{F47D0DA8-41CC-45DA-B49C-408BE60A27D4}.Debug|ARM64.Build.0 = Debug|Any CPU
		{F47D0DA8-41CC-45DA-B49C-408BE60A27D4}.Debug|x64.ActiveCfg = Debug|Any CPU
		{F47D0DA8-41CC-45DA-B49C-408BE60A27D4}.Debug|x64.Build.0 = Debug|Any CPU
		{F47D0DA8-41CC-45DA-B49C-408BE60A27D4}.Debug|x86.ActiveCfg = Debug|Any CPU
		{F47D0DA8-41CC-45DA-B49C-408BE60A27D4}.Debug|x86.Build.0 = Debug|Any CPU
		{F47D0DA8-41CC-45DA-B49C-408BE60A27D4}.Release|Any CPU.ActiveCfg = Release|Any CPU
		{F47D0DA8-41CC-45DA-B49C-408BE60A27D4}.Release|Any CPU.Build.0 = Release|Any CPU
		{F47D0DA8-41CC-45DA-B49C-408BE60A27D4}.Release|ARM.ActiveCfg = Release|Any CPU
		{F47D0DA8-41CC-45DA-B49C-408BE60A27D4}.Release|ARM.Build.0 = Release|Any CPU
		{F47D0DA8-41CC-45DA-B49C-408BE60A27D4}.Release|ARM64.ActiveCfg = Release|Any CPU
		{F47D0DA8-41CC-45DA-B49C-408BE60A27D4}.Release|ARM64.Build.0 = Release|Any CPU
		{F47D0DA8-41CC-45DA-B49C-408BE60A27D4}.Release|x64.ActiveCfg = Release|Any CPU
		{F47D0DA8-41CC-45DA-B49C-408BE60A27D4}.Release|x64.Build.0 = Release|Any CPU
		{F47D0DA8-41CC-45DA-B49C-408BE60A27D4}.Release|x86.ActiveCfg = Release|Any CPU
		{F47D0DA8-41CC-45DA-B49C-408BE60A27D4}.Release|x86.Build.0 = Release|Any CPU
		{55D1DD29-88B0-4835-91E0-F09195C05FF0}.Debug|Any CPU.ActiveCfg = Debug|x64
		{55D1DD29-88B0-4835-91E0-F09195C05FF0}.Debug|Any CPU.Build.0 = Debug|x64
		{55D1DD29-88B0-4835-91E0-F09195C05FF0}.Debug|ARM.ActiveCfg = Debug|x64
		{55D1DD29-88B0-4835-91E0-F09195C05FF0}.Debug|ARM.Build.0 = Debug|x64
		{55D1DD29-88B0-4835-91E0-F09195C05FF0}.Debug|ARM64.ActiveCfg = Debug|x64
		{55D1DD29-88B0-4835-91E0-F09195C05FF0}.Debug|ARM64.Build.0 = Debug|x64
		{55D1DD29-88B0-4835-91E0-F09195C05FF0}.Debug|x64.ActiveCfg = Debug|x64
		{55D1DD29-88B0-4835-91E0-F09195C05FF0}.Debug|x64.Build.0 = Debug|x64
		{55D1DD29-88B0-4835-91E0-F09195C05FF0}.Debug|x86.ActiveCfg = Debug|Win32
		{55D1DD29-88B0-4835-91E0-F09195C05FF0}.Debug|x86.Build.0 = Debug|Win32
		{55D1DD29-88B0-4835-91E0-F09195C05FF0}.Release|Any CPU.ActiveCfg = Release|x64
		{55D1DD29-88B0-4835-91E0-F09195C05FF0}.Release|Any CPU.Build.0 = Release|x64
		{55D1DD29-88B0-4835-91E0-F09195C05FF0}.Release|ARM.ActiveCfg = Release|x64
		{55D1DD29-88B0-4835-91E0-F09195C05FF0}.Release|ARM.Build.0 = Release|x64
		{55D1DD29-88B0-4835-91E0-F09195C05FF0}.Release|ARM64.ActiveCfg = Release|x64
		{55D1DD29-88B0-4835-91E0-F09195C05FF0}.Release|ARM64.Build.0 = Release|x64
		{55D1DD29-88B0-4835-91E0-F09195C05FF0}.Release|x64.ActiveCfg = Release|x64
		{55D1DD29-88B0-4835-91E0-F09195C05FF0}.Release|x64.Build.0 = Release|x64
		{55D1DD29-88B0-4835-91E0-F09195C05FF0}.Release|x86.ActiveCfg = Release|Win32
		{55D1DD29-88B0-4835-91E0-F09195C05FF0}.Release|x86.Build.0 = Release|Win32
		{FC865792-EA3E-41E8-A77B-AC025DDB396E}.Debug|Any CPU.ActiveCfg = Debug|Any CPU
		{FC865792-EA3E-41E8-A77B-AC025DDB396E}.Debug|Any CPU.Build.0 = Debug|Any CPU
		{FC865792-EA3E-41E8-A77B-AC025DDB396E}.Debug|ARM.ActiveCfg = Debug|Any CPU
		{FC865792-EA3E-41E8-A77B-AC025DDB396E}.Debug|ARM.Build.0 = Debug|Any CPU
		{FC865792-EA3E-41E8-A77B-AC025DDB396E}.Debug|ARM64.ActiveCfg = Debug|Any CPU
		{FC865792-EA3E-41E8-A77B-AC025DDB396E}.Debug|ARM64.Build.0 = Debug|Any CPU
		{FC865792-EA3E-41E8-A77B-AC025DDB396E}.Debug|x64.ActiveCfg = Debug|Any CPU
		{FC865792-EA3E-41E8-A77B-AC025DDB396E}.Debug|x64.Build.0 = Debug|Any CPU
		{FC865792-EA3E-41E8-A77B-AC025DDB396E}.Debug|x86.ActiveCfg = Debug|Any CPU
		{FC865792-EA3E-41E8-A77B-AC025DDB396E}.Debug|x86.Build.0 = Debug|Any CPU
		{FC865792-EA3E-41E8-A77B-AC025DDB396E}.Release|Any CPU.ActiveCfg = Release|Any CPU
		{FC865792-EA3E-41E8-A77B-AC025DDB396E}.Release|Any CPU.Build.0 = Release|Any CPU
		{FC865792-EA3E-41E8-A77B-AC025DDB396E}.Release|ARM.ActiveCfg = Release|Any CPU
		{FC865792-EA3E-41E8-A77B-AC025DDB396E}.Release|ARM.Build.0 = Release|Any CPU
		{FC865792-EA3E-41E8-A77B-AC025DDB396E}.Release|ARM64.ActiveCfg = Release|Any CPU
		{FC865792-EA3E-41E8-A77B-AC025DDB396E}.Release|ARM64.Build.0 = Release|Any CPU
		{FC865792-EA3E-41E8-A77B-AC025DDB396E}.Release|x64.ActiveCfg = Release|Any CPU
		{FC865792-EA3E-41E8-A77B-AC025DDB396E}.Release|x64.Build.0 = Release|Any CPU
		{FC865792-EA3E-41E8-A77B-AC025DDB396E}.Release|x86.ActiveCfg = Release|Any CPU
		{FC865792-EA3E-41E8-A77B-AC025DDB396E}.Release|x86.Build.0 = Release|Any CPU
		{4447AFF3-8B1C-48FC-AAAB-5EE539C7FF5D}.Debug|Any CPU.ActiveCfg = Debug|Any CPU
		{4447AFF3-8B1C-48FC-AAAB-5EE539C7FF5D}.Debug|Any CPU.Build.0 = Debug|Any CPU
		{4447AFF3-8B1C-48FC-AAAB-5EE539C7FF5D}.Debug|ARM.ActiveCfg = Debug|Any CPU
		{4447AFF3-8B1C-48FC-AAAB-5EE539C7FF5D}.Debug|ARM.Build.0 = Debug|Any CPU
		{4447AFF3-8B1C-48FC-AAAB-5EE539C7FF5D}.Debug|ARM64.ActiveCfg = Debug|Any CPU
		{4447AFF3-8B1C-48FC-AAAB-5EE539C7FF5D}.Debug|ARM64.Build.0 = Debug|Any CPU
		{4447AFF3-8B1C-48FC-AAAB-5EE539C7FF5D}.Debug|x64.ActiveCfg = Debug|Any CPU
		{4447AFF3-8B1C-48FC-AAAB-5EE539C7FF5D}.Debug|x64.Build.0 = Debug|Any CPU
		{4447AFF3-8B1C-48FC-AAAB-5EE539C7FF5D}.Debug|x86.ActiveCfg = Debug|Any CPU
		{4447AFF3-8B1C-48FC-AAAB-5EE539C7FF5D}.Debug|x86.Build.0 = Debug|Any CPU
		{4447AFF3-8B1C-48FC-AAAB-5EE539C7FF5D}.Release|Any CPU.ActiveCfg = Release|Any CPU
		{4447AFF3-8B1C-48FC-AAAB-5EE539C7FF5D}.Release|Any CPU.Build.0 = Release|Any CPU
		{4447AFF3-8B1C-48FC-AAAB-5EE539C7FF5D}.Release|ARM.ActiveCfg = Release|Any CPU
		{4447AFF3-8B1C-48FC-AAAB-5EE539C7FF5D}.Release|ARM.Build.0 = Release|Any CPU
		{4447AFF3-8B1C-48FC-AAAB-5EE539C7FF5D}.Release|ARM64.ActiveCfg = Release|Any CPU
		{4447AFF3-8B1C-48FC-AAAB-5EE539C7FF5D}.Release|ARM64.Build.0 = Release|Any CPU
		{4447AFF3-8B1C-48FC-AAAB-5EE539C7FF5D}.Release|x64.ActiveCfg = Release|Any CPU
		{4447AFF3-8B1C-48FC-AAAB-5EE539C7FF5D}.Release|x64.Build.0 = Release|Any CPU
		{4447AFF3-8B1C-48FC-AAAB-5EE539C7FF5D}.Release|x86.ActiveCfg = Release|Any CPU
		{4447AFF3-8B1C-48FC-AAAB-5EE539C7FF5D}.Release|x86.Build.0 = Release|Any CPU
	EndGlobalSection
	GlobalSection(SolutionProperties) = preSolution
		HideSolutionNode = FALSE
	EndGlobalSection
	GlobalSection(ExtensibilityGlobals) = postSolution
		SolutionGuid = {F0335795-1BBF-4E7F-9A60-7A1AC9449DC3}
	EndGlobalSection
EndGlobal
